Microsoft Visual Studio Solution File, Format Version 12.00
# Visual Studio Version 18
VisualStudioVersion = 18.2.11415.280
MinimumVisualStudioVersion = 10.0.40219.1
Project("{2150E333-8FDC-42A3-9474-1A3956D46DE8}") = "aspire", "aspire", "{02EA681E-C7D8-13C7-8484-4AC65E1B71E8}"
EndProject
Project("{2150E333-8FDC-42A3-9474-1A3956D46DE8}") = "app", "app", "{18E71A92-CDBF-4365-9079-17E6575AFF36}"
EndProject
Project("{FAE04EC0-301F-11D3-BF4B-00C04F79EFBC}") = "WebApp", "WebApp\WebApp.csproj", "{7408E2A3-0EBF-4003-86DE-25C65802E5BD}"
EndProject
Project("{FAE04EC0-301F-11D3-BF4B-00C04F79EFBC}") = "AspireApp.AppHost", "AspireApp\AspireApp.AppHost\AspireApp.AppHost.csproj", "{47C56D7D-1119-4354-B43B-58A08896CC09}"
EndProject
Project("{FAE04EC0-301F-11D3-BF4B-00C04F79EFBC}") = "AspireApp.ServiceDefaults", "AspireApp\AspireApp.ServiceDefaults\AspireApp.ServiceDefaults.csproj", "{CEF74E1D-AEBF-CDE1-7C5A-CCC40CBE62E4}"
EndProject
Project("{FAE04EC0-301F-11D3-BF4B-00C04F79EFBC}") = "ApiServices", "ApiServices\ApiServices.csproj", "{BBB044D6-7108-E615-B489-E9AFBC5B14DE}"
EndProject
Project("{FAE04EC0-301F-11D3-BF4B-00C04F79EFBC}") = "AppShared", "AppShared\AppShared.csproj", "{8E5BF360-A497-4127-890F-0318A62F740C}"
EndProject
Project("{2150E333-8FDC-42A3-9474-1A3956D46DE8}") = "catalog", "catalog", "{4DE82B75-F737-43D6-B36B-4B833C55E9EC}"
EndProject
Project("{FAE04EC0-301F-11D3-BF4B-00C04F79EFBC}") = "Catalog", "catalog\Catalog.csproj", "{0A8BB575-95AC-4771-990F-24FB37272644}"
EndProject
Project("{2150E333-8FDC-42A3-9474-1A3956D46DE8}") = "basket", "basket", "{E6BCE4E9-405B-4D11-B739-F2706EE0F14E}"
EndProject
Project("{FAE04EC0-301F-11D3-BF4B-00C04F79EFBC}") = "Basket", "basket\Basket.csproj", "{11C93E6E-64C1-2C2D-B301-852C7CCA6F88}"
EndProject
Project("{2150E333-8FDC-42A3-9474-1A3956D46DE8}") = "Ordering", "Ordering", "{1584B9AB-6358-4E16-879C-3DB46B1416DD}"
EndProject
Project("{FAE04EC0-301F-11D3-BF4B-00C04F79EFBC}") = "Ordering", "Ordering\Ordering.csproj", "{0B3B2A75-3AD5-4319-B861-56E65008D552}"
EndProject
Project("{2150E333-8FDC-42A3-9474-1A3956D46DE8}") = "Dispatcher", "Dispatcher", "{FF3D0D32-36A2-4D8F-8DD2-99328F53B051}"
EndProject
Project("{FAE04EC0-301F-11D3-BF4B-00C04F79EFBC}") = "HttpResquester", "HttpResquester\HttpResquester.csproj", "{1E5E3DC0-5E3A-4263-BD70-6DAE478CC6FC}"
EndProject
Global
	GlobalSection(SolutionConfigurationPlatforms) = preSolution
		Debug|Any CPU = Debug|Any CPU
		Release|Any CPU = Release|Any CPU
	EndGlobalSection
	GlobalSection(ProjectConfigurationPlatforms) = postSolution
		{7408E2A3-0EBF-4003-86DE-25C65802E5BD}.Debug|Any CPU.ActiveCfg = Debug|Any CPU
		{7408E2A3-0EBF-4003-86DE-25C65802E5BD}.Debug|Any CPU.Build.0 = Debug|Any CPU
		{7408E2A3-0EBF-4003-86DE-25C65802E5BD}.Release|Any CPU.ActiveCfg = Release|Any CPU
		{7408E2A3-0EBF-4003-86DE-25C65802E5BD}.Release|Any CPU.Build.0 = Release|Any CPU
		{47C56D7D-1119-4354-B43B-58A08896CC09}.Debug|Any CPU.ActiveCfg = Debug|Any CPU
		{47C56D7D-1119-4354-B43B-58A08896CC09}.Debug|Any CPU.Build.0 = Debug|Any CPU
		{47C56D7D-1119-4354-B43B-58A08896CC09}.Release|Any CPU.ActiveCfg = Release|Any CPU
		{47C56D7D-1119-4354-B43B-58A08896CC09}.Release|Any CPU.Build.0 = Release|Any CPU
		{CEF74E1D-AEBF-CDE1-7C5A-CCC40CBE62E4}.Debug|Any CPU.ActiveCfg = Debug|Any CPU
		{CEF74E1D-AEBF-CDE1-7C5A-CCC40CBE62E4}.Debug|Any CPU.Build.0 = Debug|Any CPU
		{CEF74E1D-AEBF-CDE1-7C5A-CCC40CBE62E4}.Release|Any CPU.ActiveCfg = Release|Any CPU
		{CEF74E1D-AEBF-CDE1-7C5A-CCC40CBE62E4}.Release|Any CPU.Build.0 = Release|Any CPU
		{BBB044D6-7108-E615-B489-E9AFBC5B14DE}.Debug|Any CPU.ActiveCfg = Debug|Any CPU
		{BBB044D6-7108-E615-B489-E9AFBC5B14DE}.Debug|Any CPU.Build.0 = Debug|Any CPU
		{BBB044D6-7108-E615-B489-E9AFBC5B14DE}.Release|Any CPU.ActiveCfg = Release|Any CPU
		{BBB044D6-7108-E615-B489-E9AFBC5B14DE}.Release|Any CPU.Build.0 = Release|Any CPU
		{8E5BF360-A497-4127-890F-0318A62F740C}.Debug|Any CPU.ActiveCfg = Debug|Any CPU
		{8E5BF360-A497-4127-890F-0318A62F740C}.Debug|Any CPU.Build.0 = Debug|Any CPU
		{8E5BF360-A497-4127-890F-0318A62F740C}.Release|Any CPU.ActiveCfg = Release|Any CPU
		{8E5BF360-A497-4127-890F-0318A62F740C}.Release|Any CPU.Build.0 = Release|Any CPU
		{0A8BB575-95AC-4771-990F-24FB37272644}.Debug|Any CPU.ActiveCfg = Debug|Any CPU
		{0A8BB575-95AC-4771-990F-24FB37272644}.Debug|Any CPU.Build.0 = Debug|Any CPU
		{0A8BB575-95AC-4771-990F-24FB37272644}.Release|Any CPU.ActiveCfg = Release|Any CPU
		{0A8BB575-95AC-4771-990F-24FB37272644}.Release|Any CPU.Build.0 = Release|Any CPU
		{11C93E6E-64C1-2C2D-B301-852C7CCA6F88}.Debug|Any CPU.ActiveCfg = Debug|Any CPU
		{11C93E6E-64C1-2C2D-B301-852C7CCA6F88}.Debug|Any CPU.Build.0 = Debug|Any CPU
		{11C93E6E-64C1-2C2D-B301-852C7CCA6F88}.Release|Any CPU.ActiveCfg = Release|Any CPU
		{11C93E6E-64C1-2C2D-B301-852C7CCA6F88}.Release|Any CPU.Build.0 = Release|Any CPU
		{0B3B2A75-3AD5-4319-B861-56E65008D552}.Debug|Any CPU.ActiveCfg = Debug|Any CPU
		{0B3B2A75-3AD5-4319-B861-56E65008D552}.Debug|Any CPU.Build.0 = Debug|Any CPU
		{0B3B2A75-3AD5-4319-B861-56E65008D552}.Release|Any CPU.ActiveCfg = Release|Any CPU
		{0B3B2A75-3AD5-4319-B861-56E65008D552}.Release|Any CPU.Build.0 = Release|Any CPU
		{1E5E3DC0-5E3A-4263-BD70-6DAE478CC6FC}.Debug|Any CPU.ActiveCfg = Debug|Any CPU
		{1E5E3DC0-5E3A-4263-BD70-6DAE478CC6FC}.Debug|Any CPU.Build.0 = Debug|Any CPU
		{1E5E3DC0-5E3A-4263-BD70-6DAE478CC6FC}.Release|Any CPU.ActiveCfg = Release|Any CPU
		{1E5E3DC0-5E3A-4263-BD70-6DAE478CC6FC}.Release|Any CPU.Build.0 = Release|Any CPU
	EndGlobalSection
	GlobalSection(SolutionProperties) = preSolution
		HideSolutionNode = FALSE
	EndGlobalSection
	GlobalSection(NestedProjects) = preSolution
		{7408E2A3-0EBF-4003-86DE-25C65802E5BD} = {18E71A92-CDBF-4365-9079-17E6575AFF36}
		{47C56D7D-1119-4354-B43B-58A08896CC09} = {02EA681E-C7D8-13C7-8484-4AC65E1B71E8}
		{CEF74E1D-AEBF-CDE1-7C5A-CCC40CBE62E4} = {02EA681E-C7D8-13C7-8484-4AC65E1B71E8}
		{BBB044D6-7108-E615-B489-E9AFBC5B14DE} = {18E71A92-CDBF-4365-9079-17E6575AFF36}
		{8E5BF360-A497-4127-890F-0318A62F740C} = {18E71A92-CDBF-4365-9079-17E6575AFF36}
		{4DE82B75-F737-43D6-B36B-4B833C55E9EC} = {18E71A92-CDBF-4365-9079-17E6575AFF36}
		{0A8BB575-95AC-4771-990F-24FB37272644} = {4DE82B75-F737-43D6-B36B-4B833C55E9EC}
		{E6BCE4E9-405B-4D11-B739-F2706EE0F14E} = {18E71A92-CDBF-4365-9079-17E6575AFF36}
		{11C93E6E-64C1-2C2D-B301-852C7CCA6F88} = {E6BCE4E9-405B-4D11-B739-F2706EE0F14E}
		{1584B9AB-6358-4E16-879C-3DB46B1416DD} = {18E71A92-CDBF-4365-9079-17E6575AFF36}
		{0B3B2A75-3AD5-4319-B861-56E65008D552} = {1584B9AB-6358-4E16-879C-3DB46B1416DD}
		{1E5E3DC0-5E3A-4263-BD70-6DAE478CC6FC} = {FF3D0D32-36A2-4D8F-8DD2-99328F53B051}
	EndGlobalSection
	GlobalSection(ExtensibilityGlobals) = postSolution
		SolutionGuid = {203F9153-97BE-44D9-9711-267492EFF2A4}
	EndGlobalSection
EndGlobal
