Microsoft Visual Studio Solution File, Format Version 12.00
# Visual Studio Version 18
VisualStudioVersion = 18.2.11415.280
MinimumVisualStudioVersion = 10.0.40219.1
Project("{2150E333-8FDC-42A3-9474-1A3956D46DE8}") = "aspire", "aspire", "{02EA681E-C7D8-13C7-8484-4AC65E1B71E8}"
EndProject
Project("{FAE04EC0-301F-11D3-BF4B-00C04F79EFBC}") = "WebApp", "WebApp\WebApp.csproj", "{7408E2A3-0EBF-4003-86DE-25C65802E5BD}"
EndProject
Project("{FAE04EC0-301F-11D3-BF4B-00C04F79EFBC}") = "AspireApp.AppHost", "AspireApp\AspireApp.AppHost\AspireApp.AppHost.csproj", "{47C56D7D-1119-4354-B43B-58A08896CC09}"
EndProject
Project("{FAE04EC0-301F-11D3-BF4B-00C04F79EFBC}") = "AspireApp.ServiceDefaults", "AspireApp\AspireApp.ServiceDefaults\AspireApp.ServiceDefaults.csproj", "{CEF74E1D-AEBF-CDE1-7C5A-CCC40CBE62E4}"
EndProject
Project("{FAE04EC0-301F-11D3-BF4B-00C04F79EFBC}") = "AppShared", "AppShared\AppShared.csproj", "{8E5BF360-A497-4127-890F-0318A62F740C}"
EndProject
Project("{2150E333-8FDC-42A3-9474-1A3956D46DE8}") = "frontend", "frontend", "{54AC614C-DDC5-4968-882F-2004FFD9E760}"
EndProject
Project("{2150E333-8FDC-42A3-9474-1A3956D46DE8}") = "services", "services", "{D0E7E818-D944-4B06-9E24-B9D68786CB0C}"
EndProject
Project("{2150E333-8FDC-42A3-9474-1A3956D46DE8}") = "sharedKernel", "sharedKernel", "{ADA87856-141A-444E-84A2-D09E626F1AAF}"
EndProject
Project("{FAE04EC0-301F-11D3-BF4B-00C04F79EFBC}") = "CatalogApi", "CatalogApi\CatalogApi.csproj", "{BBD5EE57-440E-8FA1-228D-36EE471F1715}"
EndProject
Project("{FAE04EC0-301F-11D3-BF4B-00C04F79EFBC}") = "BasketApi", "BasketApi\BasketApi.csproj", "{2ABA07D4-04E2-7F55-9593-9CF8FF9816D4}"
EndProject
Project("{FAE04EC0-301F-11D3-BF4B-00C04F79EFBC}") = "OrderingApi", "OrderingApi\OrderingApi.csproj", "{2EA48BEA-ABC2-D961-17DA-938C519928A4}"
EndProject
Project("{FAE04EC0-301F-11D3-BF4B-00C04F79EFBC}") = "Discount.Grpc", "Discount.Grpc\Discount.Grpc.csproj", "{C24606C6-EC12-E7B5-B055-852421AC32A5}"
EndProject
Project("{FAE04EC0-301F-11D3-BF4B-00C04F79EFBC}") = "YarpGateway", "YarpGateway\YarpGateway.csproj", "{93BE92F4-46CA-05D2-41FD-1A4A5D942CB1}"
EndProject
Project("{2150E333-8FDC-42A3-9474-1A3956D46DE8}") = "gateway", "gateway", "{53DD28CD-5DEF-490E-A48A-7C42660CEC38}"
EndProject
Global
	GlobalSection(SolutionConfigurationPlatforms) = preSolution
		Debug|Any CPU = Debug|Any CPU
		Release|Any CPU = Release|Any CPU
	EndGlobalSection
	GlobalSection(ProjectConfigurationPlatforms) = postSolution
		{7408E2A3-0EBF-4003-86DE-25C65802E5BD}.Debug|Any CPU.ActiveCfg = Debug|Any CPU
		{7408E2A3-0EBF-4003-86DE-25C65802E5BD}.Debug|Any CPU.Build.0 = Debug|Any CPU
		{7408E2A3-0EBF-4003-86DE-25C65802E5BD}.Release|Any CPU.ActiveCfg = Release|Any CPU
		{7408E2A3-0EBF-4003-86DE-25C65802E5BD}.Release|Any CPU.Build.0 = Release|Any CPU
		{47C56D7D-1119-4354-B43B-58A08896CC09}.Debug|Any CPU.ActiveCfg = Debug|Any CPU
		{47C56D7D-1119-4354-B43B-58A08896CC09}.Debug|Any CPU.Build.0 = Debug|Any CPU
		{47C56D7D-1119-4354-B43B-58A08896CC09}.Release|Any CPU.ActiveCfg = Release|Any CPU
		{47C56D7D-1119-4354-B43B-58A08896CC09}.Release|Any CPU.Build.0 = Release|Any CPU
		{CEF74E1D-AEBF-CDE1-7C5A-CCC40CBE62E4}.Debug|Any CPU.ActiveCfg = Debug|Any CPU
		{CEF74E1D-AEBF-CDE1-7C5A-CCC40CBE62E4}.Debug|Any CPU.Build.0 = Debug|Any CPU
		{CEF74E1D-AEBF-CDE1-7C5A-CCC40CBE62E4}.Release|Any CPU.ActiveCfg = Release|Any CPU
		{CEF74E1D-AEBF-CDE1-7C5A-CCC40CBE62E4}.Release|Any CPU.Build.0 = Release|Any CPU
		{8E5BF360-A497-4127-890F-0318A62F740C}.Debug|Any CPU.ActiveCfg = Debug|Any CPU
		{8E5BF360-A497-4127-890F-0318A62F740C}.Debug|Any CPU.Build.0 = Debug|Any CPU
		{8E5BF360-A497-4127-890F-0318A62F740C}.Release|Any CPU.ActiveCfg = Release|Any CPU
		{8E5BF360-A497-4127-890F-0318A62F740C}.Release|Any CPU.Build.0 = Release|Any CPU
		{BBD5EE57-440E-8FA1-228D-36EE471F1715}.Debug|Any CPU.ActiveCfg = Debug|Any CPU
		{BBD5EE57-440E-8FA1-228D-36EE471F1715}.Debug|Any CPU.Build.0 = Debug|Any CPU
		{BBD5EE57-440E-8FA1-228D-36EE471F1715}.Release|Any CPU.ActiveCfg = Release|Any CPU
		{BBD5EE57-440E-8FA1-228D-36EE471F1715}.Release|Any CPU.Build.0 = Release|Any CPU
		{2ABA07D4-04E2-7F55-9593-9CF8FF9816D4}.Debug|Any CPU.ActiveCfg = Debug|Any CPU
		{2ABA07D4-04E2-7F55-9593-9CF8FF9816D4}.Debug|Any CPU.Build.0 = Debug|Any CPU
		{2ABA07D4-04E2-7F55-9593-9CF8FF9816D4}.Release|Any CPU.ActiveCfg = Release|Any CPU
		{2ABA07D4-04E2-7F55-9593-9CF8FF9816D4}.Release|Any CPU.Build.0 = Release|Any CPU
		{2EA48BEA-ABC2-D961-17DA-938C519928A4}.Debug|Any CPU.ActiveCfg = Debug|Any CPU
		{2EA48BEA-ABC2-D961-17DA-938C519928A4}.Debug|Any CPU.Build.0 = Debug|Any CPU
		{2EA48BEA-ABC2-D961-17DA-938C519928A4}.Release|Any CPU.ActiveCfg = Release|Any CPU
		{2EA48BEA-ABC2-D961-17DA-938C519928A4}.Release|Any CPU.Build.0 = Release|Any CPU
		{C24606C6-EC12-E7B5-B055-852421AC32A5}.Debug|Any CPU.ActiveCfg = Debug|Any CPU
		{C24606C6-EC12-E7B5-B055-852421AC32A5}.Debug|Any CPU.Build.0 = Debug|Any CPU
		{C24606C6-EC12-E7B5-B055-852421AC32A5}.Release|Any CPU.ActiveCfg = Release|Any CPU
		{C24606C6-EC12-E7B5-B055-852421AC32A5}.Release|Any CPU.Build.0 = Release|Any CPU
		{93BE92F4-46CA-05D2-41FD-1A4A5D942CB1}.Debug|Any CPU.ActiveCfg = Debug|Any CPU
		{93BE92F4-46CA-05D2-41FD-1A4A5D942CB1}.Debug|Any CPU.Build.0 = Debug|Any CPU
		{93BE92F4-46CA-05D2-41FD-1A4A5D942CB1}.Release|Any CPU.ActiveCfg = Release|Any CPU
		{93BE92F4-46CA-05D2-41FD-1A4A5D942CB1}.Release|Any CPU.Build.0 = Release|Any CPU
	EndGlobalSection
	GlobalSection(SolutionProperties) = preSolution
		HideSolutionNode = FALSE
	EndGlobalSection
	GlobalSection(NestedProjects) = preSolution
		{7408E2A3-0EBF-4003-86DE-25C65802E5BD} = {54AC614C-DDC5-4968-882F-2004FFD9E760}
		{47C56D7D-1119-4354-B43B-58A08896CC09} = {02EA681E-C7D8-13C7-8484-4AC65E1B71E8}
		{CEF74E1D-AEBF-CDE1-7C5A-CCC40CBE62E4} = {02EA681E-C7D8-13C7-8484-4AC65E1B71E8}
		{8E5BF360-A497-4127-890F-0318A62F740C} = {ADA87856-141A-444E-84A2-D09E626F1AAF}
		{BBD5EE57-440E-8FA1-228D-36EE471F1715} = {D0E7E818-D944-4B06-9E24-B9D68786CB0C}
		{2ABA07D4-04E2-7F55-9593-9CF8FF9816D4} = {D0E7E818-D944-4B06-9E24-B9D68786CB0C}
		{2EA48BEA-ABC2-D961-17DA-938C519928A4} = {D0E7E818-D944-4B06-9E24-B9D68786CB0C}
		{C24606C6-EC12-E7B5-B055-852421AC32A5} = {D0E7E818-D944-4B06-9E24-B9D68786CB0C}
		{93BE92F4-46CA-05D2-41FD-1A4A5D942CB1} = {53DD28CD-5DEF-490E-A48A-7C42660CEC38}
	EndGlobalSection
	GlobalSection(ExtensibilityGlobals) = postSolution
		SolutionGuid = {203F9153-97BE-44D9-9711-267492EFF2A4}
	EndGlobalSection
EndGlobal
